
Microsoft Visual Studio Solution File, Format Version 12.00
# Visual Studio 15
VisualStudioVersion = 15.0.27703.2018
MinimumVisualStudioVersion = 10.0.40219.1
Project("{FAE04EC0-301F-11D3-BF4B-00C04F79EFBC}") = "Modulo5.Android", "Modulo5\Modulo5.Android\Modulo5.Android.csproj", "{37A12BD6-9931-4CA9-A9FC-688D5201EF37}"
EndProject
Project("{FAE04EC0-301F-11D3-BF4B-00C04F79EFBC}") = "Modulo5.iOS", "Modulo5\Modulo5.iOS\Modulo5.iOS.csproj", "{E4F7564E-863F-45E2-9D7F-912EFCBC0822}"
EndProject
Project("{FAE04EC0-301F-11D3-BF4B-00C04F79EFBC}") = "Modulo5", "Modulo5\Modulo5\Modulo5.csproj", "{0EBAE1EE-C248-4592-85ED-2BFE2B8E2BCC}"
EndProject
Global
	GlobalSection(SolutionConfigurationPlatforms) = preSolution
		Ad-Hoc|Any CPU = Ad-Hoc|Any CPU
		Ad-Hoc|iPhone = Ad-Hoc|iPhone
		Ad-Hoc|iPhoneSimulator = Ad-Hoc|iPhoneSimulator
		AppStore|Any CPU = AppStore|Any CPU
		AppStore|iPhone = AppStore|iPhone
		AppStore|iPhoneSimulator = AppStore|iPhoneSimulator
		Debug|Any CPU = Debug|Any CPU
		Debug|iPhone = Debug|iPhone
		Debug|iPhoneSimulator = Debug|iPhoneSimulator
		Release|Any CPU = Release|Any CPU
		Release|iPhone = Release|iPhone
		Release|iPhoneSimulator = Release|iPhoneSimulator
	EndGlobalSection
	GlobalSection(ProjectConfigurationPlatforms) = postSolution
		{37A12BD6-9931-4CA9-A9FC-688D5201EF37}.Ad-Hoc|Any CPU.ActiveCfg = Release|Any CPU
		{37A12BD6-9931-4CA9-A9FC-688D5201EF37}.Ad-Hoc|Any CPU.Build.0 = Release|Any CPU
		{37A12BD6-9931-4CA9-A9FC-688D5201EF37}.Ad-Hoc|Any CPU.Deploy.0 = Release|Any CPU
		{37A12BD6-9931-4CA9-A9FC-688D5201EF37}.Ad-Hoc|iPhone.ActiveCfg = Release|Any CPU
		{37A12BD6-9931-4CA9-A9FC-688D5201EF37}.Ad-Hoc|iPhone.Build.0 = Release|Any CPU
		{37A12BD6-9931-4CA9-A9FC-688D5201EF37}.Ad-Hoc|iPhone.Deploy.0 = Release|Any CPU
		{37A12BD6-9931-4CA9-A9FC-688D5201EF37}.Ad-Hoc|iPhoneSimulator.ActiveCfg = Release|Any CPU
		{37A12BD6-9931-4CA9-A9FC-688D5201EF37}.Ad-Hoc|iPhoneSimulator.Build.0 = Release|Any CPU
		{37A12BD6-9931-4CA9-A9FC-688D5201EF37}.Ad-Hoc|iPhoneSimulator.Deploy.0 = Release|Any CPU
		{37A12BD6-9931-4CA9-A9FC-688D5201EF37}.AppStore|Any CPU.ActiveCfg = Release|Any CPU
		{37A12BD6-9931-4CA9-A9FC-688D5201EF37}.AppStore|Any CPU.Build.0 = Release|Any CPU
		{37A12BD6-9931-4CA9-A9FC-688D5201EF37}.AppStore|Any CPU.Deploy.0 = Release|Any CPU
		{37A12BD6-9931-4CA9-A9FC-688D5201EF37}.AppStore|iPhone.ActiveCfg = Release|Any CPU
		{37A12BD6-9931-4CA9-A9FC-688D5201EF37}.AppStore|iPhone.Build.0 = Release|Any CPU
		{37A12BD6-9931-4CA9-A9FC-688D5201EF37}.AppStore|iPhone.Deploy.0 = Release|Any CPU
		{37A12BD6-9931-4CA9-A9FC-688D5201EF37}.AppStore|iPhoneSimulator.ActiveCfg = Release|Any CPU
		{37A12BD6-9931-4CA9-A9FC-688D5201EF37}.AppStore|iPhoneSimulator.Build.0 = Release|Any CPU
		{37A12BD6-9931-4CA9-A9FC-688D5201EF37}.AppStore|iPhoneSimulator.Deploy.0 = Release|Any CPU
		{37A12BD6-9931-4CA9-A9FC-688D5201EF37}.Debug|Any CPU.ActiveCfg = Debug|Any CPU
		{37A12BD6-9931-4CA9-A9FC-688D5201EF37}.Debug|Any CPU.Build.0 = Debug|Any CPU
		{37A12BD6-9931-4CA9-A9FC-688D5201EF37}.Debug|Any CPU.Deploy.0 = Debug|Any CPU
		{37A12BD6-9931-4CA9-A9FC-688D5201EF37}.Debug|iPhone.ActiveCfg = Debug|Any CPU
		{37A12BD6-9931-4CA9-A9FC-688D5201EF37}.Debug|iPhone.Build.0 = Debug|Any CPU
		{37A12BD6-9931-4CA9-A9FC-688D5201EF37}.Debug|iPhone.Deploy.0 = Debug|Any CPU
		{37A12BD6-9931-4CA9-A9FC-688D5201EF37}.Debug|iPhoneSimulator.ActiveCfg = Debug|Any CPU
		{37A12BD6-9931-4CA9-A9FC-688D5201EF37}.Debug|iPhoneSimulator.Build.0 = Debug|Any CPU
		{37A12BD6-9931-4CA9-A9FC-688D5201EF37}.Debug|iPhoneSimulator.Deploy.0 = Debug|Any CPU
		{37A12BD6-9931-4CA9-A9FC-688D5201EF37}.Release|Any CPU.ActiveCfg = Release|Any CPU
		{37A12BD6-9931-4CA9-A9FC-688D5201EF37}.Release|Any CPU.Build.0 = Release|Any CPU
		{37A12BD6-9931-4CA9-A9FC-688D5201EF37}.Release|Any CPU.Deploy.0 = Release|Any CPU
		{37A12BD6-9931-4CA9-A9FC-688D5201EF37}.Release|iPhone.ActiveCfg = Release|Any CPU
		{37A12BD6-9931-4CA9-A9FC-688D5201EF37}.Release|iPhone.Build.0 = Release|Any CPU
		{37A12BD6-9931-4CA9-A9FC-688D5201EF37}.Release|iPhone.Deploy.0 = Release|Any CPU
		{37A12BD6-9931-4CA9-A9FC-688D5201EF37}.Release|iPhoneSimulator.ActiveCfg = Release|Any CPU
		{37A12BD6-9931-4CA9-A9FC-688D5201EF37}.Release|iPhoneSimulator.Build.0 = Release|Any CPU
		{37A12BD6-9931-4CA9-A9FC-688D5201EF37}.Release|iPhoneSimulator.Deploy.0 = Release|Any CPU
		{E4F7564E-863F-45E2-9D7F-912EFCBC0822}.Ad-Hoc|Any CPU.ActiveCfg = Ad-Hoc|iPhone
		{E4F7564E-863F-45E2-9D7F-912EFCBC0822}.Ad-Hoc|Any CPU.Build.0 = Ad-Hoc|iPhone
		{E4F7564E-863F-45E2-9D7F-912EFCBC0822}.Ad-Hoc|Any CPU.Deploy.0 = Ad-Hoc|iPhone
		{E4F7564E-863F-45E2-9D7F-912EFCBC0822}.Ad-Hoc|iPhone.ActiveCfg = Ad-Hoc|iPhone
		{E4F7564E-863F-45E2-9D7F-912EFCBC0822}.Ad-Hoc|iPhone.Build.0 = Ad-Hoc|iPhone
		{E4F7564E-863F-45E2-9D7F-912EFCBC0822}.Ad-Hoc|iPhone.Deploy.0 = Ad-Hoc|iPhone
		{E4F7564E-863F-45E2-9D7F-912EFCBC0822}.Ad-Hoc|iPhoneSimulator.ActiveCfg = Ad-Hoc|iPhoneSimulator
		{E4F7564E-863F-45E2-9D7F-912EFCBC0822}.Ad-Hoc|iPhoneSimulator.Build.0 = Ad-Hoc|iPhoneSimulator
		{E4F7564E-863F-45E2-9D7F-912EFCBC0822}.Ad-Hoc|iPhoneSimulator.Deploy.0 = Ad-Hoc|iPhoneSimulator
		{E4F7564E-863F-45E2-9D7F-912EFCBC0822}.AppStore|Any CPU.ActiveCfg = AppStore|iPhone
		{E4F7564E-863F-45E2-9D7F-912EFCBC0822}.AppStore|Any CPU.Build.0 = AppStore|iPhone
		{E4F7564E-863F-45E2-9D7F-912EFCBC0822}.AppStore|Any CPU.Deploy.0 = AppStore|iPhone
		{E4F7564E-863F-45E2-9D7F-912EFCBC0822}.AppStore|iPhone.ActiveCfg = AppStore|iPhone
		{E4F7564E-863F-45E2-9D7F-912EFCBC0822}.AppStore|iPhone.Build.0 = AppStore|iPhone
		{E4F7564E-863F-45E2-9D7F-912EFCBC0822}.AppStore|iPhone.Deploy.0 = AppStore|iPhone
		{E4F7564E-863F-45E2-9D7F-912EFCBC0822}.AppStore|iPhoneSimulator.ActiveCfg = AppStore|iPhoneSimulator
		{E4F7564E-863F-45E2-9D7F-912EFCBC0822}.AppStore|iPhoneSimulator.Build.0 = AppStore|iPhoneSimulator
		{E4F7564E-863F-45E2-9D7F-912EFCBC0822}.AppStore|iPhoneSimulator.Deploy.0 = AppStore|iPhoneSimulator
		{E4F7564E-863F-45E2-9D7F-912EFCBC0822}.Debug|Any CPU.ActiveCfg = Debug|iPhoneSimulator
		{E4F7564E-863F-45E2-9D7F-912EFCBC0822}.Debug|Any CPU.Build.0 = Debug|iPhoneSimulator
		{E4F7564E-863F-45E2-9D7F-912EFCBC0822}.Debug|Any CPU.Deploy.0 = Debug|iPhoneSimulator
		{E4F7564E-863F-45E2-9D7F-912EFCBC0822}.Debug|iPhone.ActiveCfg = Debug|iPhone
		{E4F7564E-863F-45E2-9D7F-912EFCBC0822}.Debug|iPhone.Build.0 = Debug|iPhone
		{E4F7564E-863F-45E2-9D7F-912EFCBC0822}.Debug|iPhone.Deploy.0 = Debug|iPhone
		{E4F7564E-863F-45E2-9D7F-912EFCBC0822}.Debug|iPhoneSimulator.ActiveCfg = Debug|iPhoneSimulator
		{E4F7564E-863F-45E2-9D7F-912EFCBC0822}.Debug|iPhoneSimulator.Build.0 = Debug|iPhoneSimulator
		{E4F7564E-863F-45E2-9D7F-912EFCBC0822}.Debug|iPhoneSimulator.Deploy.0 = Debug|iPhoneSimulator
		{E4F7564E-863F-45E2-9D7F-912EFCBC0822}.Release|Any CPU.ActiveCfg = Release|iPhone
		{E4F7564E-863F-45E2-9D7F-912EFCBC0822}.Release|Any CPU.Build.0 = Release|iPhone
		{E4F7564E-863F-45E2-9D7F-912EFCBC0822}.Release|Any CPU.Deploy.0 = Release|iPhone
		{E4F7564E-863F-45E2-9D7F-912EFCBC0822}.Release|iPhone.ActiveCfg = Release|iPhone
		{E4F7564E-863F-45E2-9D7F-912EFCBC0822}.Release|iPhone.Build.0 = Release|iPhone
		{E4F7564E-863F-45E2-9D7F-912EFCBC0822}.Release|iPhone.Deploy.0 = Release|iPhone
		{E4F7564E-863F-45E2-9D7F-912EFCBC0822}.Release|iPhoneSimulator.ActiveCfg = Release|iPhoneSimulator
		{E4F7564E-863F-45E2-9D7F-912EFCBC0822}.Release|iPhoneSimulator.Build.0 = Release|iPhoneSimulator
		{E4F7564E-863F-45E2-9D7F-912EFCBC0822}.Release|iPhoneSimulator.Deploy.0 = Release|iPhoneSimulator
		{0EBAE1EE-C248-4592-85ED-2BFE2B8E2BCC}.Ad-Hoc|Any CPU.ActiveCfg = Debug|Any CPU
		{0EBAE1EE-C248-4592-85ED-2BFE2B8E2BCC}.Ad-Hoc|Any CPU.Build.0 = Debug|Any CPU
		{0EBAE1EE-C248-4592-85ED-2BFE2B8E2BCC}.Ad-Hoc|Any CPU.Deploy.0 = Debug|Any CPU
		{0EBAE1EE-C248-4592-85ED-2BFE2B8E2BCC}.Ad-Hoc|iPhone.ActiveCfg = Debug|Any CPU
		{0EBAE1EE-C248-4592-85ED-2BFE2B8E2BCC}.Ad-Hoc|iPhone.Build.0 = Debug|Any CPU
		{0EBAE1EE-C248-4592-85ED-2BFE2B8E2BCC}.Ad-Hoc|iPhone.Deploy.0 = Debug|Any CPU
		{0EBAE1EE-C248-4592-85ED-2BFE2B8E2BCC}.Ad-Hoc|iPhoneSimulator.ActiveCfg = Debug|Any CPU
		{0EBAE1EE-C248-4592-85ED-2BFE2B8E2BCC}.Ad-Hoc|iPhoneSimulator.Build.0 = Debug|Any CPU
		{0EBAE1EE-C248-4592-85ED-2BFE2B8E2BCC}.Ad-Hoc|iPhoneSimulator.Deploy.0 = Debug|Any CPU
		{0EBAE1EE-C248-4592-85ED-2BFE2B8E2BCC}.AppStore|Any CPU.ActiveCfg = Debug|Any CPU
		{0EBAE1EE-C248-4592-85ED-2BFE2B8E2BCC}.AppStore|Any CPU.Build.0 = Debug|Any CPU
		{0EBAE1EE-C248-4592-85ED-2BFE2B8E2BCC}.AppStore|Any CPU.Deploy.0 = Debug|Any CPU
		{0EBAE1EE-C248-4592-85ED-2BFE2B8E2BCC}.AppStore|iPhone.ActiveCfg = Debug|Any CPU
		{0EBAE1EE-C248-4592-85ED-2BFE2B8E2BCC}.AppStore|iPhone.Build.0 = Debug|Any CPU
		{0EBAE1EE-C248-4592-85ED-2BFE2B8E2BCC}.AppStore|iPhone.Deploy.0 = Debug|Any CPU
		{0EBAE1EE-C248-4592-85ED-2BFE2B8E2BCC}.AppStore|iPhoneSimulator.ActiveCfg = Debug|Any CPU
		{0EBAE1EE-C248-4592-85ED-2BFE2B8E2BCC}.AppStore|iPhoneSimulator.Build.0 = Debug|Any CPU
		{0EBAE1EE-C248-4592-85ED-2BFE2B8E2BCC}.AppStore|iPhoneSimulator.Deploy.0 = Debug|Any CPU
		{0EBAE1EE-C248-4592-85ED-2BFE2B8E2BCC}.Debug|Any CPU.ActiveCfg = Debug|Any CPU
		{0EBAE1EE-C248-4592-85ED-2BFE2B8E2BCC}.Debug|Any CPU.Build.0 = Debug|Any CPU
		{0EBAE1EE-C248-4592-85ED-2BFE2B8E2BCC}.Debug|Any CPU.Deploy.0 = Debug|Any CPU
		{0EBAE1EE-C248-4592-85ED-2BFE2B8E2BCC}.Debug|iPhone.ActiveCfg = Debug|Any CPU
		{0EBAE1EE-C248-4592-85ED-2BFE2B8E2BCC}.Debug|iPhone.Build.0 = Debug|Any CPU
		{0EBAE1EE-C248-4592-85ED-2BFE2B8E2BCC}.Debug|iPhone.Deploy.0 = Debug|Any CPU
		{0EBAE1EE-C248-4592-85ED-2BFE2B8E2BCC}.Debug|iPhoneSimulator.ActiveCfg = Debug|Any CPU
		{0EBAE1EE-C248-4592-85ED-2BFE2B8E2BCC}.Debug|iPhoneSimulator.Build.0 = Debug|Any CPU
		{0EBAE1EE-C248-4592-85ED-2BFE2B8E2BCC}.Debug|iPhoneSimulator.Deploy.0 = Debug|Any CPU
		{0EBAE1EE-C248-4592-85ED-2BFE2B8E2BCC}.Release|Any CPU.ActiveCfg = Release|Any CPU
		{0EBAE1EE-C248-4592-85ED-2BFE2B8E2BCC}.Release|Any CPU.Build.0 = Release|Any CPU
		{0EBAE1EE-C248-4592-85ED-2BFE2B8E2BCC}.Release|Any CPU.Deploy.0 = Release|Any CPU
		{0EBAE1EE-C248-4592-85ED-2BFE2B8E2BCC}.Release|iPhone.ActiveCfg = Release|Any CPU
		{0EBAE1EE-C248-4592-85ED-2BFE2B8E2BCC}.Release|iPhone.Build.0 = Release|Any CPU
		{0EBAE1EE-C248-4592-85ED-2BFE2B8E2BCC}.Release|iPhone.Deploy.0 = Release|Any CPU
		{0EBAE1EE-C248-4592-85ED-2BFE2B8E2BCC}.Release|iPhoneSimulator.ActiveCfg = Release|Any CPU
		{0EBAE1EE-C248-4592-85ED-2BFE2B8E2BCC}.Release|iPhoneSimulator.Build.0 = Release|Any CPU
		{0EBAE1EE-C248-4592-85ED-2BFE2B8E2BCC}.Release|iPhoneSimulator.Deploy.0 = Release|Any CPU
	EndGlobalSection
	GlobalSection(SolutionProperties) = preSolution
		HideSolutionNode = FALSE
	EndGlobalSection
	GlobalSection(ExtensibilityGlobals) = postSolution
		SolutionGuid = {7A16ECD5-7A29-46C2-807A-8973441E93B2}
	EndGlobalSection
EndGlobal
