
Microsoft Visual Studio Solution File, Format Version 12.00
# Visual Studio 14
VisualStudioVersion = 14.0.25420.1
MinimumVisualStudioVersion = 10.0.40219.1
Project("{D954291E-2A0B-460D-934E-DC6B0785DB48}") = "App_Themes", "App_Themes\App_Themes\App_Themes.shproj", "{71DBD513-0BF1-46D1-A479-A2032608D40E}"
EndProject
Project("{FAE04EC0-301F-11D3-BF4B-00C04F79EFBC}") = "App_Themes.Droid", "App_Themes\App_Themes.Droid\App_Themes.Droid.csproj", "{CDF1D49E-4627-4E47-ABDE-7A424EABE5DD}"
EndProject
Global
	GlobalSection(SharedMSBuildProjectFiles) = preSolution
		App_Themes\App_Themes\App_Themes.projitems*{71dbd513-0bf1-46d1-a479-a2032608d40e}*SharedItemsImports = 13
		App_Themes\App_Themes\App_Themes.projitems*{cdf1d49e-4627-4e47-abde-7a424eabe5dd}*SharedItemsImports = 4
	EndGlobalSection
	GlobalSection(SolutionConfigurationPlatforms) = preSolution
		Ad-Hoc|Any CPU = Ad-Hoc|Any CPU
		Ad-Hoc|ARM = Ad-Hoc|ARM
		Ad-Hoc|iPhone = Ad-Hoc|iPhone
		Ad-Hoc|iPhoneSimulator = Ad-Hoc|iPhoneSimulator
		Ad-Hoc|x64 = Ad-Hoc|x64
		Ad-Hoc|x86 = Ad-Hoc|x86
		AppStore|Any CPU = AppStore|Any CPU
		AppStore|ARM = AppStore|ARM
		AppStore|iPhone = AppStore|iPhone
		AppStore|iPhoneSimulator = AppStore|iPhoneSimulator
		AppStore|x64 = AppStore|x64
		AppStore|x86 = AppStore|x86
		Debug|Any CPU = Debug|Any CPU
		Debug|ARM = Debug|ARM
		Debug|iPhone = Debug|iPhone
		Debug|iPhoneSimulator = Debug|iPhoneSimulator
		Debug|x64 = Debug|x64
		Debug|x86 = Debug|x86
		Release|Any CPU = Release|Any CPU
		Release|ARM = Release|ARM
		Release|iPhone = Release|iPhone
		Release|iPhoneSimulator = Release|iPhoneSimulator
		Release|x64 = Release|x64
		Release|x86 = Release|x86
	EndGlobalSection
	GlobalSection(ProjectConfigurationPlatforms) = postSolution
		{CDF1D49E-4627-4E47-ABDE-7A424EABE5DD}.Ad-Hoc|Any CPU.ActiveCfg = Release|Any CPU
		{CDF1D49E-4627-4E47-ABDE-7A424EABE5DD}.Ad-Hoc|Any CPU.Build.0 = Release|Any CPU
		{CDF1D49E-4627-4E47-ABDE-7A424EABE5DD}.Ad-Hoc|Any CPU.Deploy.0 = Release|Any CPU
		{CDF1D49E-4627-4E47-ABDE-7A424EABE5DD}.Ad-Hoc|ARM.ActiveCfg = Release|Any CPU
		{CDF1D49E-4627-4E47-ABDE-7A424EABE5DD}.Ad-Hoc|ARM.Build.0 = Release|Any CPU
		{CDF1D49E-4627-4E47-ABDE-7A424EABE5DD}.Ad-Hoc|ARM.Deploy.0 = Release|Any CPU
		{CDF1D49E-4627-4E47-ABDE-7A424EABE5DD}.Ad-Hoc|iPhone.ActiveCfg = Release|Any CPU
		{CDF1D49E-4627-4E47-ABDE-7A424EABE5DD}.Ad-Hoc|iPhone.Build.0 = Release|Any CPU
		{CDF1D49E-4627-4E47-ABDE-7A424EABE5DD}.Ad-Hoc|iPhone.Deploy.0 = Release|Any CPU
		{CDF1D49E-4627-4E47-ABDE-7A424EABE5DD}.Ad-Hoc|iPhoneSimulator.ActiveCfg = Release|Any CPU
		{CDF1D49E-4627-4E47-ABDE-7A424EABE5DD}.Ad-Hoc|iPhoneSimulator.Build.0 = Release|Any CPU
		{CDF1D49E-4627-4E47-ABDE-7A424EABE5DD}.Ad-Hoc|iPhoneSimulator.Deploy.0 = Release|Any CPU
		{CDF1D49E-4627-4E47-ABDE-7A424EABE5DD}.Ad-Hoc|x64.ActiveCfg = Release|Any CPU
		{CDF1D49E-4627-4E47-ABDE-7A424EABE5DD}.Ad-Hoc|x64.Build.0 = Release|Any CPU
		{CDF1D49E-4627-4E47-ABDE-7A424EABE5DD}.Ad-Hoc|x64.Deploy.0 = Release|Any CPU
		{CDF1D49E-4627-4E47-ABDE-7A424EABE5DD}.Ad-Hoc|x86.ActiveCfg = Release|Any CPU
		{CDF1D49E-4627-4E47-ABDE-7A424EABE5DD}.Ad-Hoc|x86.Build.0 = Release|Any CPU
		{CDF1D49E-4627-4E47-ABDE-7A424EABE5DD}.Ad-Hoc|x86.Deploy.0 = Release|Any CPU
		{CDF1D49E-4627-4E47-ABDE-7A424EABE5DD}.AppStore|Any CPU.ActiveCfg = Release|Any CPU
		{CDF1D49E-4627-4E47-ABDE-7A424EABE5DD}.AppStore|Any CPU.Build.0 = Release|Any CPU
		{CDF1D49E-4627-4E47-ABDE-7A424EABE5DD}.AppStore|Any CPU.Deploy.0 = Release|Any CPU
		{CDF1D49E-4627-4E47-ABDE-7A424EABE5DD}.AppStore|ARM.ActiveCfg = Release|Any CPU
		{CDF1D49E-4627-4E47-ABDE-7A424EABE5DD}.AppStore|ARM.Build.0 = Release|Any CPU
		{CDF1D49E-4627-4E47-ABDE-7A424EABE5DD}.AppStore|ARM.Deploy.0 = Release|Any CPU
		{CDF1D49E-4627-4E47-ABDE-7A424EABE5DD}.AppStore|iPhone.ActiveCfg = Release|Any CPU
		{CDF1D49E-4627-4E47-ABDE-7A424EABE5DD}.AppStore|iPhone.Build.0 = Release|Any CPU
		{CDF1D49E-4627-4E47-ABDE-7A424EABE5DD}.AppStore|iPhone.Deploy.0 = Release|Any CPU
		{CDF1D49E-4627-4E47-ABDE-7A424EABE5DD}.AppStore|iPhoneSimulator.ActiveCfg = Release|Any CPU
		{CDF1D49E-4627-4E47-ABDE-7A424EABE5DD}.AppStore|iPhoneSimulator.Build.0 = Release|Any CPU
		{CDF1D49E-4627-4E47-ABDE-7A424EABE5DD}.AppStore|iPhoneSimulator.Deploy.0 = Release|Any CPU
		{CDF1D49E-4627-4E47-ABDE-7A424EABE5DD}.AppStore|x64.ActiveCfg = Release|Any CPU
		{CDF1D49E-4627-4E47-ABDE-7A424EABE5DD}.AppStore|x64.Build.0 = Release|Any CPU
		{CDF1D49E-4627-4E47-ABDE-7A424EABE5DD}.AppStore|x64.Deploy.0 = Release|Any CPU
		{CDF1D49E-4627-4E47-ABDE-7A424EABE5DD}.AppStore|x86.ActiveCfg = Release|Any CPU
		{CDF1D49E-4627-4E47-ABDE-7A424EABE5DD}.AppStore|x86.Build.0 = Release|Any CPU
		{CDF1D49E-4627-4E47-ABDE-7A424EABE5DD}.AppStore|x86.Deploy.0 = Release|Any CPU
		{CDF1D49E-4627-4E47-ABDE-7A424EABE5DD}.Debug|Any CPU.ActiveCfg = Debug|Any CPU
		{CDF1D49E-4627-4E47-ABDE-7A424EABE5DD}.Debug|Any CPU.Build.0 = Debug|Any CPU
		{CDF1D49E-4627-4E47-ABDE-7A424EABE5DD}.Debug|Any CPU.Deploy.0 = Debug|Any CPU
		{CDF1D49E-4627-4E47-ABDE-7A424EABE5DD}.Debug|ARM.ActiveCfg = Debug|Any CPU
		{CDF1D49E-4627-4E47-ABDE-7A424EABE5DD}.Debug|ARM.Build.0 = Debug|Any CPU
		{CDF1D49E-4627-4E47-ABDE-7A424EABE5DD}.Debug|ARM.Deploy.0 = Debug|Any CPU
		{CDF1D49E-4627-4E47-ABDE-7A424EABE5DD}.Debug|iPhone.ActiveCfg = Debug|Any CPU
		{CDF1D49E-4627-4E47-ABDE-7A424EABE5DD}.Debug|iPhone.Build.0 = Debug|Any CPU
		{CDF1D49E-4627-4E47-ABDE-7A424EABE5DD}.Debug|iPhone.Deploy.0 = Debug|Any CPU
		{CDF1D49E-4627-4E47-ABDE-7A424EABE5DD}.Debug|iPhoneSimulator.ActiveCfg = Debug|Any CPU
		{CDF1D49E-4627-4E47-ABDE-7A424EABE5DD}.Debug|iPhoneSimulator.Build.0 = Debug|Any CPU
		{CDF1D49E-4627-4E47-ABDE-7A424EABE5DD}.Debug|iPhoneSimulator.Deploy.0 = Debug|Any CPU
		{CDF1D49E-4627-4E47-ABDE-7A424EABE5DD}.Debug|x64.ActiveCfg = Debug|Any CPU
		{CDF1D49E-4627-4E47-ABDE-7A424EABE5DD}.Debug|x64.Build.0 = Debug|Any CPU
		{CDF1D49E-4627-4E47-ABDE-7A424EABE5DD}.Debug|x64.Deploy.0 = Debug|Any CPU
		{CDF1D49E-4627-4E47-ABDE-7A424EABE5DD}.Debug|x86.ActiveCfg = Debug|Any CPU
		{CDF1D49E-4627-4E47-ABDE-7A424EABE5DD}.Debug|x86.Build.0 = Debug|Any CPU
		{CDF1D49E-4627-4E47-ABDE-7A424EABE5DD}.Debug|x86.Deploy.0 = Debug|Any CPU
		{CDF1D49E-4627-4E47-ABDE-7A424EABE5DD}.Release|Any CPU.ActiveCfg = Release|Any CPU
		{CDF1D49E-4627-4E47-ABDE-7A424EABE5DD}.Release|Any CPU.Build.0 = Release|Any CPU
		{CDF1D49E-4627-4E47-ABDE-7A424EABE5DD}.Release|Any CPU.Deploy.0 = Release|Any CPU
		{CDF1D49E-4627-4E47-ABDE-7A424EABE5DD}.Release|ARM.ActiveCfg = Release|Any CPU
		{CDF1D49E-4627-4E47-ABDE-7A424EABE5DD}.Release|ARM.Build.0 = Release|Any CPU
		{CDF1D49E-4627-4E47-ABDE-7A424EABE5DD}.Release|ARM.Deploy.0 = Release|Any CPU
		{CDF1D49E-4627-4E47-ABDE-7A424EABE5DD}.Release|iPhone.ActiveCfg = Release|Any CPU
		{CDF1D49E-4627-4E47-ABDE-7A424EABE5DD}.Release|iPhone.Build.0 = Release|Any CPU
		{CDF1D49E-4627-4E47-ABDE-7A424EABE5DD}.Release|iPhone.Deploy.0 = Release|Any CPU
		{CDF1D49E-4627-4E47-ABDE-7A424EABE5DD}.Release|iPhoneSimulator.ActiveCfg = Release|Any CPU
		{CDF1D49E-4627-4E47-ABDE-7A424EABE5DD}.Release|iPhoneSimulator.Build.0 = Release|Any CPU
		{CDF1D49E-4627-4E47-ABDE-7A424EABE5DD}.Release|iPhoneSimulator.Deploy.0 = Release|Any CPU
		{CDF1D49E-4627-4E47-ABDE-7A424EABE5DD}.Release|x64.ActiveCfg = Release|Any CPU
		{CDF1D49E-4627-4E47-ABDE-7A424EABE5DD}.Release|x64.Build.0 = Release|Any CPU
		{CDF1D49E-4627-4E47-ABDE-7A424EABE5DD}.Release|x64.Deploy.0 = Release|Any CPU
		{CDF1D49E-4627-4E47-ABDE-7A424EABE5DD}.Release|x86.ActiveCfg = Release|Any CPU
		{CDF1D49E-4627-4E47-ABDE-7A424EABE5DD}.Release|x86.Build.0 = Release|Any CPU
		{CDF1D49E-4627-4E47-ABDE-7A424EABE5DD}.Release|x86.Deploy.0 = Release|Any CPU
	EndGlobalSection
	GlobalSection(SolutionProperties) = preSolution
		HideSolutionNode = FALSE
	EndGlobalSection
EndGlobal
