
Microsoft Visual Studio Solution File, Format Version 12.00
# Visual Studio 2012
Project("{FAE04EC0-301F-11D3-BF4B-00C04F79EFBC}") = "Evntr.iOS", "Evntr.iOS\Evntr.iOS.csproj", "{5EDC8F0C-8D00-454B-81EA-5089D65EAA38}"
EndProject
Project("{FAE04EC0-301F-11D3-BF4B-00C04F79EFBC}") = "Evntr.Droid", "Evntr.Droid\Evntr.Droid.csproj", "{5B47E674-17BA-4800-98AF-E30FB248F8F3}"
EndProject
Project("{FAE04EC0-301F-11D3-BF4B-00C04F79EFBC}") = "Evntr.Core", "Evntr.Core\Evntr.Core.csproj", "{FD69CF73-4D82-44FC-BFEE-89AC46251AB5}"
EndProject
Project("{FAE04EC0-301F-11D3-BF4B-00C04F79EFBC}") = "Evntr.Api", "Evntr.Api\Evntr.Api.csproj", "{A16CE918-60FE-4377-9428-C9DCAD7D9B5A}"
EndProject
Project("{FAE04EC0-301F-11D3-BF4B-00C04F79EFBC}") = "Evntr.Models", "Evntr.Models\Evntr.Models.csproj", "{A878B38E-55EF-4869-A4A4-91D34D0B6E02}"
EndProject
Project("{2150E333-8FDC-42A3-9474-1A3956D46DE8}") = "Backend", "Backend", "{C258E915-EA04-47A9-962B-567FE2D98F95}"
EndProject
Project("{2150E333-8FDC-42A3-9474-1A3956D46DE8}") = "Shared", "Shared", "{225004C5-9731-4D7C-BB13-B9E25C20903B}"
EndProject
Project("{2150E333-8FDC-42A3-9474-1A3956D46DE8}") = "Targets", "Targets", "{0E440E5D-5C67-4F86-8345-668C3CC237C8}"
EndProject
Global
	GlobalSection(SolutionConfigurationPlatforms) = preSolution
		Debug|Any CPU = Debug|Any CPU
		Release|Any CPU = Release|Any CPU
		Debug|iPhoneSimulator = Debug|iPhoneSimulator
		Release|iPhone = Release|iPhone
		Release|iPhoneSimulator = Release|iPhoneSimulator
		Debug|iPhone = Debug|iPhone
	EndGlobalSection
	GlobalSection(ProjectConfigurationPlatforms) = postSolution
		{5EDC8F0C-8D00-454B-81EA-5089D65EAA38}.Debug|Any CPU.ActiveCfg = Debug|iPhoneSimulator
		{5EDC8F0C-8D00-454B-81EA-5089D65EAA38}.Debug|Any CPU.Build.0 = Debug|iPhoneSimulator
		{5EDC8F0C-8D00-454B-81EA-5089D65EAA38}.Release|Any CPU.ActiveCfg = Release|iPhone
		{5EDC8F0C-8D00-454B-81EA-5089D65EAA38}.Release|Any CPU.Build.0 = Release|iPhone
		{5EDC8F0C-8D00-454B-81EA-5089D65EAA38}.Debug|iPhoneSimulator.ActiveCfg = Debug|iPhoneSimulator
		{5EDC8F0C-8D00-454B-81EA-5089D65EAA38}.Debug|iPhoneSimulator.Build.0 = Debug|iPhoneSimulator
		{5EDC8F0C-8D00-454B-81EA-5089D65EAA38}.Release|iPhone.ActiveCfg = Release|iPhone
		{5EDC8F0C-8D00-454B-81EA-5089D65EAA38}.Release|iPhone.Build.0 = Release|iPhone
		{5EDC8F0C-8D00-454B-81EA-5089D65EAA38}.Release|iPhoneSimulator.ActiveCfg = Release|iPhoneSimulator
		{5EDC8F0C-8D00-454B-81EA-5089D65EAA38}.Release|iPhoneSimulator.Build.0 = Release|iPhoneSimulator
		{5EDC8F0C-8D00-454B-81EA-5089D65EAA38}.Debug|iPhone.ActiveCfg = Debug|iPhone
		{5EDC8F0C-8D00-454B-81EA-5089D65EAA38}.Debug|iPhone.Build.0 = Debug|iPhone
		{5B47E674-17BA-4800-98AF-E30FB248F8F3}.Debug|Any CPU.ActiveCfg = Debug|Any CPU
		{5B47E674-17BA-4800-98AF-E30FB248F8F3}.Debug|Any CPU.Build.0 = Debug|Any CPU
		{5B47E674-17BA-4800-98AF-E30FB248F8F3}.Release|Any CPU.ActiveCfg = Release|Any CPU
		{5B47E674-17BA-4800-98AF-E30FB248F8F3}.Release|Any CPU.Build.0 = Release|Any CPU
		{5B47E674-17BA-4800-98AF-E30FB248F8F3}.Debug|iPhoneSimulator.ActiveCfg = Debug|Any CPU
		{5B47E674-17BA-4800-98AF-E30FB248F8F3}.Debug|iPhoneSimulator.Build.0 = Debug|Any CPU
		{5B47E674-17BA-4800-98AF-E30FB248F8F3}.Release|iPhone.ActiveCfg = Release|Any CPU
		{5B47E674-17BA-4800-98AF-E30FB248F8F3}.Release|iPhone.Build.0 = Release|Any CPU
		{5B47E674-17BA-4800-98AF-E30FB248F8F3}.Release|iPhoneSimulator.ActiveCfg = Release|Any CPU
		{5B47E674-17BA-4800-98AF-E30FB248F8F3}.Release|iPhoneSimulator.Build.0 = Release|Any CPU
		{5B47E674-17BA-4800-98AF-E30FB248F8F3}.Debug|iPhone.ActiveCfg = Debug|Any CPU
		{5B47E674-17BA-4800-98AF-E30FB248F8F3}.Debug|iPhone.Build.0 = Debug|Any CPU
		{FD69CF73-4D82-44FC-BFEE-89AC46251AB5}.Debug|Any CPU.ActiveCfg = Debug|Any CPU
		{FD69CF73-4D82-44FC-BFEE-89AC46251AB5}.Debug|Any CPU.Build.0 = Debug|Any CPU
		{FD69CF73-4D82-44FC-BFEE-89AC46251AB5}.Release|Any CPU.ActiveCfg = Release|Any CPU
		{FD69CF73-4D82-44FC-BFEE-89AC46251AB5}.Release|Any CPU.Build.0 = Release|Any CPU
		{FD69CF73-4D82-44FC-BFEE-89AC46251AB5}.Debug|iPhoneSimulator.ActiveCfg = Debug|Any CPU
		{FD69CF73-4D82-44FC-BFEE-89AC46251AB5}.Debug|iPhoneSimulator.Build.0 = Debug|Any CPU
		{FD69CF73-4D82-44FC-BFEE-89AC46251AB5}.Release|iPhone.ActiveCfg = Release|Any CPU
		{FD69CF73-4D82-44FC-BFEE-89AC46251AB5}.Release|iPhone.Build.0 = Release|Any CPU
		{FD69CF73-4D82-44FC-BFEE-89AC46251AB5}.Release|iPhoneSimulator.ActiveCfg = Release|Any CPU
		{FD69CF73-4D82-44FC-BFEE-89AC46251AB5}.Release|iPhoneSimulator.Build.0 = Release|Any CPU
		{FD69CF73-4D82-44FC-BFEE-89AC46251AB5}.Debug|iPhone.ActiveCfg = Debug|Any CPU
		{FD69CF73-4D82-44FC-BFEE-89AC46251AB5}.Debug|iPhone.Build.0 = Debug|Any CPU
		{A16CE918-60FE-4377-9428-C9DCAD7D9B5A}.Debug|Any CPU.ActiveCfg = Debug|Any CPU
		{A16CE918-60FE-4377-9428-C9DCAD7D9B5A}.Debug|Any CPU.Build.0 = Debug|Any CPU
		{A16CE918-60FE-4377-9428-C9DCAD7D9B5A}.Release|Any CPU.ActiveCfg = Release|Any CPU
		{A16CE918-60FE-4377-9428-C9DCAD7D9B5A}.Release|Any CPU.Build.0 = Release|Any CPU
		{A16CE918-60FE-4377-9428-C9DCAD7D9B5A}.Debug|iPhoneSimulator.ActiveCfg = Debug|Any CPU
		{A16CE918-60FE-4377-9428-C9DCAD7D9B5A}.Debug|iPhoneSimulator.Build.0 = Debug|Any CPU
		{A16CE918-60FE-4377-9428-C9DCAD7D9B5A}.Release|iPhone.ActiveCfg = Release|Any CPU
		{A16CE918-60FE-4377-9428-C9DCAD7D9B5A}.Release|iPhone.Build.0 = Release|Any CPU
		{A16CE918-60FE-4377-9428-C9DCAD7D9B5A}.Release|iPhoneSimulator.ActiveCfg = Release|Any CPU
		{A16CE918-60FE-4377-9428-C9DCAD7D9B5A}.Release|iPhoneSimulator.Build.0 = Release|Any CPU
		{A16CE918-60FE-4377-9428-C9DCAD7D9B5A}.Debug|iPhone.ActiveCfg = Debug|Any CPU
		{A16CE918-60FE-4377-9428-C9DCAD7D9B5A}.Debug|iPhone.Build.0 = Debug|Any CPU
		{A878B38E-55EF-4869-A4A4-91D34D0B6E02}.Debug|Any CPU.ActiveCfg = Debug|Any CPU
		{A878B38E-55EF-4869-A4A4-91D34D0B6E02}.Debug|Any CPU.Build.0 = Debug|Any CPU
		{A878B38E-55EF-4869-A4A4-91D34D0B6E02}.Release|Any CPU.ActiveCfg = Release|Any CPU
		{A878B38E-55EF-4869-A4A4-91D34D0B6E02}.Release|Any CPU.Build.0 = Release|Any CPU
		{A878B38E-55EF-4869-A4A4-91D34D0B6E02}.Debug|iPhoneSimulator.ActiveCfg = Debug|Any CPU
		{A878B38E-55EF-4869-A4A4-91D34D0B6E02}.Debug|iPhoneSimulator.Build.0 = Debug|Any CPU
		{A878B38E-55EF-4869-A4A4-91D34D0B6E02}.Release|iPhone.ActiveCfg = Release|Any CPU
		{A878B38E-55EF-4869-A4A4-91D34D0B6E02}.Release|iPhone.Build.0 = Release|Any CPU
		{A878B38E-55EF-4869-A4A4-91D34D0B6E02}.Release|iPhoneSimulator.ActiveCfg = Release|Any CPU
		{A878B38E-55EF-4869-A4A4-91D34D0B6E02}.Release|iPhoneSimulator.Build.0 = Release|Any CPU
		{A878B38E-55EF-4869-A4A4-91D34D0B6E02}.Debug|iPhone.ActiveCfg = Debug|Any CPU
		{A878B38E-55EF-4869-A4A4-91D34D0B6E02}.Debug|iPhone.Build.0 = Debug|Any CPU
	EndGlobalSection
	GlobalSection(NestedProjects) = preSolution
		{A16CE918-60FE-4377-9428-C9DCAD7D9B5A} = {C258E915-EA04-47A9-962B-567FE2D98F95}
		{A878B38E-55EF-4869-A4A4-91D34D0B6E02} = {225004C5-9731-4D7C-BB13-B9E25C20903B}
		{FD69CF73-4D82-44FC-BFEE-89AC46251AB5} = {225004C5-9731-4D7C-BB13-B9E25C20903B}
		{5B47E674-17BA-4800-98AF-E30FB248F8F3} = {0E440E5D-5C67-4F86-8345-668C3CC237C8}
		{5EDC8F0C-8D00-454B-81EA-5089D65EAA38} = {0E440E5D-5C67-4F86-8345-668C3CC237C8}
	EndGlobalSection
EndGlobal
