
Microsoft Visual Studio Solution File, Format Version 12.00
# Visual Studio 15
VisualStudioVersion = 15.0.27705.2000
MinimumVisualStudioVersion = 10.0.40219.1
Project("{FAE04EC0-301F-11D3-BF4B-00C04F79EFBC}") = "Modulo2.Android", "Modulo2\Modulo2.Android\Modulo2.Android.csproj", "{E7F2DC69-B396-45F6-8CD9-4EE843C994EC}"
EndProject
Project("{FAE04EC0-301F-11D3-BF4B-00C04F79EFBC}") = "Modulo2.iOS", "Modulo2\Modulo2.iOS\Modulo2.iOS.csproj", "{848C6798-4CC3-4B1A-A245-138BDA526190}"
EndProject
Project("{FAE04EC0-301F-11D3-BF4B-00C04F79EFBC}") = "Modulo2.UWP", "Modulo2\Modulo2.UWP\Modulo2.UWP.csproj", "{AC410F78-93AE-4113-B348-ABC7F06FAB41}"
EndProject
Project("{FAE04EC0-301F-11D3-BF4B-00C04F79EFBC}") = "Modulo2", "Modulo2\Modulo2\Modulo2.csproj", "{D92D117C-7E62-437F-B637-C9E6765ED426}"
EndProject
Global
	GlobalSection(SolutionConfigurationPlatforms) = preSolution
		Ad-Hoc|Any CPU = Ad-Hoc|Any CPU
		Ad-Hoc|ARM = Ad-Hoc|ARM
		Ad-Hoc|iPhone = Ad-Hoc|iPhone
		Ad-Hoc|iPhoneSimulator = Ad-Hoc|iPhoneSimulator
		Ad-Hoc|x64 = Ad-Hoc|x64
		Ad-Hoc|x86 = Ad-Hoc|x86
		AppStore|Any CPU = AppStore|Any CPU
		AppStore|ARM = AppStore|ARM
		AppStore|iPhone = AppStore|iPhone
		AppStore|iPhoneSimulator = AppStore|iPhoneSimulator
		AppStore|x64 = AppStore|x64
		AppStore|x86 = AppStore|x86
		Debug|Any CPU = Debug|Any CPU
		Debug|ARM = Debug|ARM
		Debug|iPhone = Debug|iPhone
		Debug|iPhoneSimulator = Debug|iPhoneSimulator
		Debug|x64 = Debug|x64
		Debug|x86 = Debug|x86
		Release|Any CPU = Release|Any CPU
		Release|ARM = Release|ARM
		Release|iPhone = Release|iPhone
		Release|iPhoneSimulator = Release|iPhoneSimulator
		Release|x64 = Release|x64
		Release|x86 = Release|x86
	EndGlobalSection
	GlobalSection(ProjectConfigurationPlatforms) = postSolution
		{E7F2DC69-B396-45F6-8CD9-4EE843C994EC}.Ad-Hoc|Any CPU.ActiveCfg = Release|Any CPU
		{E7F2DC69-B396-45F6-8CD9-4EE843C994EC}.Ad-Hoc|Any CPU.Build.0 = Release|Any CPU
		{E7F2DC69-B396-45F6-8CD9-4EE843C994EC}.Ad-Hoc|Any CPU.Deploy.0 = Release|Any CPU
		{E7F2DC69-B396-45F6-8CD9-4EE843C994EC}.Ad-Hoc|ARM.ActiveCfg = Release|Any CPU
		{E7F2DC69-B396-45F6-8CD9-4EE843C994EC}.Ad-Hoc|ARM.Build.0 = Release|Any CPU
		{E7F2DC69-B396-45F6-8CD9-4EE843C994EC}.Ad-Hoc|ARM.Deploy.0 = Release|Any CPU
		{E7F2DC69-B396-45F6-8CD9-4EE843C994EC}.Ad-Hoc|iPhone.ActiveCfg = Release|Any CPU
		{E7F2DC69-B396-45F6-8CD9-4EE843C994EC}.Ad-Hoc|iPhone.Build.0 = Release|Any CPU
		{E7F2DC69-B396-45F6-8CD9-4EE843C994EC}.Ad-Hoc|iPhone.Deploy.0 = Release|Any CPU
		{E7F2DC69-B396-45F6-8CD9-4EE843C994EC}.Ad-Hoc|iPhoneSimulator.ActiveCfg = Release|Any CPU
		{E7F2DC69-B396-45F6-8CD9-4EE843C994EC}.Ad-Hoc|iPhoneSimulator.Build.0 = Release|Any CPU
		{E7F2DC69-B396-45F6-8CD9-4EE843C994EC}.Ad-Hoc|iPhoneSimulator.Deploy.0 = Release|Any CPU
		{E7F2DC69-B396-45F6-8CD9-4EE843C994EC}.Ad-Hoc|x64.ActiveCfg = Release|Any CPU
		{E7F2DC69-B396-45F6-8CD9-4EE843C994EC}.Ad-Hoc|x64.Build.0 = Release|Any CPU
		{E7F2DC69-B396-45F6-8CD9-4EE843C994EC}.Ad-Hoc|x64.Deploy.0 = Release|Any CPU
		{E7F2DC69-B396-45F6-8CD9-4EE843C994EC}.Ad-Hoc|x86.ActiveCfg = Release|Any CPU
		{E7F2DC69-B396-45F6-8CD9-4EE843C994EC}.Ad-Hoc|x86.Build.0 = Release|Any CPU
		{E7F2DC69-B396-45F6-8CD9-4EE843C994EC}.Ad-Hoc|x86.Deploy.0 = Release|Any CPU
		{E7F2DC69-B396-45F6-8CD9-4EE843C994EC}.AppStore|Any CPU.ActiveCfg = Release|Any CPU
		{E7F2DC69-B396-45F6-8CD9-4EE843C994EC}.AppStore|Any CPU.Build.0 = Release|Any CPU
		{E7F2DC69-B396-45F6-8CD9-4EE843C994EC}.AppStore|Any CPU.Deploy.0 = Release|Any CPU
		{E7F2DC69-B396-45F6-8CD9-4EE843C994EC}.AppStore|ARM.ActiveCfg = Release|Any CPU
		{E7F2DC69-B396-45F6-8CD9-4EE843C994EC}.AppStore|ARM.Build.0 = Release|Any CPU
		{E7F2DC69-B396-45F6-8CD9-4EE843C994EC}.AppStore|ARM.Deploy.0 = Release|Any CPU
		{E7F2DC69-B396-45F6-8CD9-4EE843C994EC}.AppStore|iPhone.ActiveCfg = Release|Any CPU
		{E7F2DC69-B396-45F6-8CD9-4EE843C994EC}.AppStore|iPhone.Build.0 = Release|Any CPU
		{E7F2DC69-B396-45F6-8CD9-4EE843C994EC}.AppStore|iPhone.Deploy.0 = Release|Any CPU
		{E7F2DC69-B396-45F6-8CD9-4EE843C994EC}.AppStore|iPhoneSimulator.ActiveCfg = Release|Any CPU
		{E7F2DC69-B396-45F6-8CD9-4EE843C994EC}.AppStore|iPhoneSimulator.Build.0 = Release|Any CPU
		{E7F2DC69-B396-45F6-8CD9-4EE843C994EC}.AppStore|iPhoneSimulator.Deploy.0 = Release|Any CPU
		{E7F2DC69-B396-45F6-8CD9-4EE843C994EC}.AppStore|x64.ActiveCfg = Release|Any CPU
		{E7F2DC69-B396-45F6-8CD9-4EE843C994EC}.AppStore|x64.Build.0 = Release|Any CPU
		{E7F2DC69-B396-45F6-8CD9-4EE843C994EC}.AppStore|x64.Deploy.0 = Release|Any CPU
		{E7F2DC69-B396-45F6-8CD9-4EE843C994EC}.AppStore|x86.ActiveCfg = Release|Any CPU
		{E7F2DC69-B396-45F6-8CD9-4EE843C994EC}.AppStore|x86.Build.0 = Release|Any CPU
		{E7F2DC69-B396-45F6-8CD9-4EE843C994EC}.AppStore|x86.Deploy.0 = Release|Any CPU
		{E7F2DC69-B396-45F6-8CD9-4EE843C994EC}.Debug|Any CPU.ActiveCfg = Debug|Any CPU
		{E7F2DC69-B396-45F6-8CD9-4EE843C994EC}.Debug|Any CPU.Build.0 = Debug|Any CPU
		{E7F2DC69-B396-45F6-8CD9-4EE843C994EC}.Debug|Any CPU.Deploy.0 = Debug|Any CPU
		{E7F2DC69-B396-45F6-8CD9-4EE843C994EC}.Debug|ARM.ActiveCfg = Debug|Any CPU
		{E7F2DC69-B396-45F6-8CD9-4EE843C994EC}.Debug|ARM.Build.0 = Debug|Any CPU
		{E7F2DC69-B396-45F6-8CD9-4EE843C994EC}.Debug|ARM.Deploy.0 = Debug|Any CPU
		{E7F2DC69-B396-45F6-8CD9-4EE843C994EC}.Debug|iPhone.ActiveCfg = Debug|Any CPU
		{E7F2DC69-B396-45F6-8CD9-4EE843C994EC}.Debug|iPhone.Build.0 = Debug|Any CPU
		{E7F2DC69-B396-45F6-8CD9-4EE843C994EC}.Debug|iPhone.Deploy.0 = Debug|Any CPU
		{E7F2DC69-B396-45F6-8CD9-4EE843C994EC}.Debug|iPhoneSimulator.ActiveCfg = Debug|Any CPU
		{E7F2DC69-B396-45F6-8CD9-4EE843C994EC}.Debug|iPhoneSimulator.Build.0 = Debug|Any CPU
		{E7F2DC69-B396-45F6-8CD9-4EE843C994EC}.Debug|iPhoneSimulator.Deploy.0 = Debug|Any CPU
		{E7F2DC69-B396-45F6-8CD9-4EE843C994EC}.Debug|x64.ActiveCfg = Debug|Any CPU
		{E7F2DC69-B396-45F6-8CD9-4EE843C994EC}.Debug|x64.Build.0 = Debug|Any CPU
		{E7F2DC69-B396-45F6-8CD9-4EE843C994EC}.Debug|x64.Deploy.0 = Debug|Any CPU
		{E7F2DC69-B396-45F6-8CD9-4EE843C994EC}.Debug|x86.ActiveCfg = Debug|Any CPU
		{E7F2DC69-B396-45F6-8CD9-4EE843C994EC}.Debug|x86.Build.0 = Debug|Any CPU
		{E7F2DC69-B396-45F6-8CD9-4EE843C994EC}.Debug|x86.Deploy.0 = Debug|Any CPU
		{E7F2DC69-B396-45F6-8CD9-4EE843C994EC}.Release|Any CPU.ActiveCfg = Release|Any CPU
		{E7F2DC69-B396-45F6-8CD9-4EE843C994EC}.Release|Any CPU.Build.0 = Release|Any CPU
		{E7F2DC69-B396-45F6-8CD9-4EE843C994EC}.Release|Any CPU.Deploy.0 = Release|Any CPU
		{E7F2DC69-B396-45F6-8CD9-4EE843C994EC}.Release|ARM.ActiveCfg = Release|Any CPU
		{E7F2DC69-B396-45F6-8CD9-4EE843C994EC}.Release|ARM.Build.0 = Release|Any CPU
		{E7F2DC69-B396-45F6-8CD9-4EE843C994EC}.Release|ARM.Deploy.0 = Release|Any CPU
		{E7F2DC69-B396-45F6-8CD9-4EE843C994EC}.Release|iPhone.ActiveCfg = Release|Any CPU
		{E7F2DC69-B396-45F6-8CD9-4EE843C994EC}.Release|iPhone.Build.0 = Release|Any CPU
		{E7F2DC69-B396-45F6-8CD9-4EE843C994EC}.Release|iPhone.Deploy.0 = Release|Any CPU
		{E7F2DC69-B396-45F6-8CD9-4EE843C994EC}.Release|iPhoneSimulator.ActiveCfg = Release|Any CPU
		{E7F2DC69-B396-45F6-8CD9-4EE843C994EC}.Release|iPhoneSimulator.Build.0 = Release|Any CPU
		{E7F2DC69-B396-45F6-8CD9-4EE843C994EC}.Release|iPhoneSimulator.Deploy.0 = Release|Any CPU
		{E7F2DC69-B396-45F6-8CD9-4EE843C994EC}.Release|x64.ActiveCfg = Release|Any CPU
		{E7F2DC69-B396-45F6-8CD9-4EE843C994EC}.Release|x64.Build.0 = Release|Any CPU
		{E7F2DC69-B396-45F6-8CD9-4EE843C994EC}.Release|x64.Deploy.0 = Release|Any CPU
		{E7F2DC69-B396-45F6-8CD9-4EE843C994EC}.Release|x86.ActiveCfg = Release|Any CPU
		{E7F2DC69-B396-45F6-8CD9-4EE843C994EC}.Release|x86.Build.0 = Release|Any CPU
		{E7F2DC69-B396-45F6-8CD9-4EE843C994EC}.Release|x86.Deploy.0 = Release|Any CPU
		{848C6798-4CC3-4B1A-A245-138BDA526190}.Ad-Hoc|Any CPU.ActiveCfg = Ad-Hoc|iPhone
		{848C6798-4CC3-4B1A-A245-138BDA526190}.Ad-Hoc|Any CPU.Build.0 = Ad-Hoc|iPhone
		{848C6798-4CC3-4B1A-A245-138BDA526190}.Ad-Hoc|Any CPU.Deploy.0 = Ad-Hoc|iPhone
		{848C6798-4CC3-4B1A-A245-138BDA526190}.Ad-Hoc|ARM.ActiveCfg = Ad-Hoc|iPhone
		{848C6798-4CC3-4B1A-A245-138BDA526190}.Ad-Hoc|ARM.Build.0 = Ad-Hoc|iPhone
		{848C6798-4CC3-4B1A-A245-138BDA526190}.Ad-Hoc|ARM.Deploy.0 = Ad-Hoc|iPhone
		{848C6798-4CC3-4B1A-A245-138BDA526190}.Ad-Hoc|iPhone.ActiveCfg = Ad-Hoc|iPhone
		{848C6798-4CC3-4B1A-A245-138BDA526190}.Ad-Hoc|iPhone.Build.0 = Ad-Hoc|iPhone
		{848C6798-4CC3-4B1A-A245-138BDA526190}.Ad-Hoc|iPhone.Deploy.0 = Ad-Hoc|iPhone
		{848C6798-4CC3-4B1A-A245-138BDA526190}.Ad-Hoc|iPhoneSimulator.ActiveCfg = Ad-Hoc|iPhoneSimulator
		{848C6798-4CC3-4B1A-A245-138BDA526190}.Ad-Hoc|iPhoneSimulator.Build.0 = Ad-Hoc|iPhoneSimulator
		{848C6798-4CC3-4B1A-A245-138BDA526190}.Ad-Hoc|iPhoneSimulator.Deploy.0 = Ad-Hoc|iPhoneSimulator
		{848C6798-4CC3-4B1A-A245-138BDA526190}.Ad-Hoc|x64.ActiveCfg = Ad-Hoc|iPhone
		{848C6798-4CC3-4B1A-A245-138BDA526190}.Ad-Hoc|x64.Build.0 = Ad-Hoc|iPhone
		{848C6798-4CC3-4B1A-A245-138BDA526190}.Ad-Hoc|x64.Deploy.0 = Ad-Hoc|iPhone
		{848C6798-4CC3-4B1A-A245-138BDA526190}.Ad-Hoc|x86.ActiveCfg = Ad-Hoc|iPhone
		{848C6798-4CC3-4B1A-A245-138BDA526190}.Ad-Hoc|x86.Build.0 = Ad-Hoc|iPhone
		{848C6798-4CC3-4B1A-A245-138BDA526190}.Ad-Hoc|x86.Deploy.0 = Ad-Hoc|iPhone
		{848C6798-4CC3-4B1A-A245-138BDA526190}.AppStore|Any CPU.ActiveCfg = AppStore|iPhone
		{848C6798-4CC3-4B1A-A245-138BDA526190}.AppStore|Any CPU.Build.0 = AppStore|iPhone
		{848C6798-4CC3-4B1A-A245-138BDA526190}.AppStore|Any CPU.Deploy.0 = AppStore|iPhone
		{848C6798-4CC3-4B1A-A245-138BDA526190}.AppStore|ARM.ActiveCfg = AppStore|iPhone
		{848C6798-4CC3-4B1A-A245-138BDA526190}.AppStore|ARM.Build.0 = AppStore|iPhone
		{848C6798-4CC3-4B1A-A245-138BDA526190}.AppStore|ARM.Deploy.0 = AppStore|iPhone
		{848C6798-4CC3-4B1A-A245-138BDA526190}.AppStore|iPhone.ActiveCfg = AppStore|iPhone
		{848C6798-4CC3-4B1A-A245-138BDA526190}.AppStore|iPhone.Build.0 = AppStore|iPhone
		{848C6798-4CC3-4B1A-A245-138BDA526190}.AppStore|iPhone.Deploy.0 = AppStore|iPhone
		{848C6798-4CC3-4B1A-A245-138BDA526190}.AppStore|iPhoneSimulator.ActiveCfg = AppStore|iPhoneSimulator
		{848C6798-4CC3-4B1A-A245-138BDA526190}.AppStore|iPhoneSimulator.Build.0 = AppStore|iPhoneSimulator
		{848C6798-4CC3-4B1A-A245-138BDA526190}.AppStore|iPhoneSimulator.Deploy.0 = AppStore|iPhoneSimulator
		{848C6798-4CC3-4B1A-A245-138BDA526190}.AppStore|x64.ActiveCfg = AppStore|iPhone
		{848C6798-4CC3-4B1A-A245-138BDA526190}.AppStore|x64.Build.0 = AppStore|iPhone
		{848C6798-4CC3-4B1A-A245-138BDA526190}.AppStore|x64.Deploy.0 = AppStore|iPhone
		{848C6798-4CC3-4B1A-A245-138BDA526190}.AppStore|x86.ActiveCfg = AppStore|iPhone
		{848C6798-4CC3-4B1A-A245-138BDA526190}.AppStore|x86.Build.0 = AppStore|iPhone
		{848C6798-4CC3-4B1A-A245-138BDA526190}.AppStore|x86.Deploy.0 = AppStore|iPhone
		{848C6798-4CC3-4B1A-A245-138BDA526190}.Debug|Any CPU.ActiveCfg = Debug|iPhoneSimulator
		{848C6798-4CC3-4B1A-A245-138BDA526190}.Debug|Any CPU.Build.0 = Debug|iPhoneSimulator
		{848C6798-4CC3-4B1A-A245-138BDA526190}.Debug|Any CPU.Deploy.0 = Debug|iPhoneSimulator
		{848C6798-4CC3-4B1A-A245-138BDA526190}.Debug|ARM.ActiveCfg = Debug|iPhone
		{848C6798-4CC3-4B1A-A245-138BDA526190}.Debug|ARM.Build.0 = Debug|iPhone
		{848C6798-4CC3-4B1A-A245-138BDA526190}.Debug|ARM.Deploy.0 = Debug|iPhone
		{848C6798-4CC3-4B1A-A245-138BDA526190}.Debug|iPhone.ActiveCfg = Debug|iPhone
		{848C6798-4CC3-4B1A-A245-138BDA526190}.Debug|iPhone.Build.0 = Debug|iPhone
		{848C6798-4CC3-4B1A-A245-138BDA526190}.Debug|iPhone.Deploy.0 = Debug|iPhone
		{848C6798-4CC3-4B1A-A245-138BDA526190}.Debug|iPhoneSimulator.ActiveCfg = Debug|iPhoneSimulator
		{848C6798-4CC3-4B1A-A245-138BDA526190}.Debug|iPhoneSimulator.Build.0 = Debug|iPhoneSimulator
		{848C6798-4CC3-4B1A-A245-138BDA526190}.Debug|iPhoneSimulator.Deploy.0 = Debug|iPhoneSimulator
		{848C6798-4CC3-4B1A-A245-138BDA526190}.Debug|x64.ActiveCfg = Debug|iPhone
		{848C6798-4CC3-4B1A-A245-138BDA526190}.Debug|x64.Build.0 = Debug|iPhone
		{848C6798-4CC3-4B1A-A245-138BDA526190}.Debug|x64.Deploy.0 = Debug|iPhone
		{848C6798-4CC3-4B1A-A245-138BDA526190}.Debug|x86.ActiveCfg = Debug|iPhone
		{848C6798-4CC3-4B1A-A245-138BDA526190}.Debug|x86.Build.0 = Debug|iPhone
		{848C6798-4CC3-4B1A-A245-138BDA526190}.Debug|x86.Deploy.0 = Debug|iPhone
		{848C6798-4CC3-4B1A-A245-138BDA526190}.Release|Any CPU.ActiveCfg = Release|iPhone
		{848C6798-4CC3-4B1A-A245-138BDA526190}.Release|Any CPU.Build.0 = Release|iPhone
		{848C6798-4CC3-4B1A-A245-138BDA526190}.Release|Any CPU.Deploy.0 = Release|iPhone
		{848C6798-4CC3-4B1A-A245-138BDA526190}.Release|ARM.ActiveCfg = Release|iPhone
		{848C6798-4CC3-4B1A-A245-138BDA526190}.Release|ARM.Build.0 = Release|iPhone
		{848C6798-4CC3-4B1A-A245-138BDA526190}.Release|ARM.Deploy.0 = Release|iPhone
		{848C6798-4CC3-4B1A-A245-138BDA526190}.Release|iPhone.ActiveCfg = Release|iPhone
		{848C6798-4CC3-4B1A-A245-138BDA526190}.Release|iPhone.Build.0 = Release|iPhone
		{848C6798-4CC3-4B1A-A245-138BDA526190}.Release|iPhone.Deploy.0 = Release|iPhone
		{848C6798-4CC3-4B1A-A245-138BDA526190}.Release|iPhoneSimulator.ActiveCfg = Release|iPhoneSimulator
		{848C6798-4CC3-4B1A-A245-138BDA526190}.Release|iPhoneSimulator.Build.0 = Release|iPhoneSimulator
		{848C6798-4CC3-4B1A-A245-138BDA526190}.Release|iPhoneSimulator.Deploy.0 = Release|iPhoneSimulator
		{848C6798-4CC3-4B1A-A245-138BDA526190}.Release|x64.ActiveCfg = Release|iPhone
		{848C6798-4CC3-4B1A-A245-138BDA526190}.Release|x64.Build.0 = Release|iPhone
		{848C6798-4CC3-4B1A-A245-138BDA526190}.Release|x64.Deploy.0 = Release|iPhone
		{848C6798-4CC3-4B1A-A245-138BDA526190}.Release|x86.ActiveCfg = Release|iPhone
		{848C6798-4CC3-4B1A-A245-138BDA526190}.Release|x86.Build.0 = Release|iPhone
		{848C6798-4CC3-4B1A-A245-138BDA526190}.Release|x86.Deploy.0 = Release|iPhone
		{AC410F78-93AE-4113-B348-ABC7F06FAB41}.Ad-Hoc|Any CPU.ActiveCfg = Release|x86
		{AC410F78-93AE-4113-B348-ABC7F06FAB41}.Ad-Hoc|Any CPU.Build.0 = Release|x86
		{AC410F78-93AE-4113-B348-ABC7F06FAB41}.Ad-Hoc|Any CPU.Deploy.0 = Release|x86
		{AC410F78-93AE-4113-B348-ABC7F06FAB41}.Ad-Hoc|ARM.ActiveCfg = Release|ARM
		{AC410F78-93AE-4113-B348-ABC7F06FAB41}.Ad-Hoc|ARM.Build.0 = Release|ARM
		{AC410F78-93AE-4113-B348-ABC7F06FAB41}.Ad-Hoc|ARM.Deploy.0 = Release|ARM
		{AC410F78-93AE-4113-B348-ABC7F06FAB41}.Ad-Hoc|iPhone.ActiveCfg = Release|x86
		{AC410F78-93AE-4113-B348-ABC7F06FAB41}.Ad-Hoc|iPhone.Build.0 = Release|x86
		{AC410F78-93AE-4113-B348-ABC7F06FAB41}.Ad-Hoc|iPhone.Deploy.0 = Release|x86
		{AC410F78-93AE-4113-B348-ABC7F06FAB41}.Ad-Hoc|iPhoneSimulator.ActiveCfg = Release|x86
		{AC410F78-93AE-4113-B348-ABC7F06FAB41}.Ad-Hoc|iPhoneSimulator.Build.0 = Release|x86
		{AC410F78-93AE-4113-B348-ABC7F06FAB41}.Ad-Hoc|iPhoneSimulator.Deploy.0 = Release|x86
		{AC410F78-93AE-4113-B348-ABC7F06FAB41}.Ad-Hoc|x64.ActiveCfg = Release|x64
		{AC410F78-93AE-4113-B348-ABC7F06FAB41}.Ad-Hoc|x64.Build.0 = Release|x64
		{AC410F78-93AE-4113-B348-ABC7F06FAB41}.Ad-Hoc|x64.Deploy.0 = Release|x64
		{AC410F78-93AE-4113-B348-ABC7F06FAB41}.Ad-Hoc|x86.ActiveCfg = Release|x86
		{AC410F78-93AE-4113-B348-ABC7F06FAB41}.Ad-Hoc|x86.Build.0 = Release|x86
		{AC410F78-93AE-4113-B348-ABC7F06FAB41}.Ad-Hoc|x86.Deploy.0 = Release|x86
		{AC410F78-93AE-4113-B348-ABC7F06FAB41}.AppStore|Any CPU.ActiveCfg = Release|x86
		{AC410F78-93AE-4113-B348-ABC7F06FAB41}.AppStore|Any CPU.Build.0 = Release|x86
		{AC410F78-93AE-4113-B348-ABC7F06FAB41}.AppStore|Any CPU.Deploy.0 = Release|x86
		{AC410F78-93AE-4113-B348-ABC7F06FAB41}.AppStore|ARM.ActiveCfg = Release|ARM
		{AC410F78-93AE-4113-B348-ABC7F06FAB41}.AppStore|ARM.Build.0 = Release|ARM
		{AC410F78-93AE-4113-B348-ABC7F06FAB41}.AppStore|ARM.Deploy.0 = Release|ARM
		{AC410F78-93AE-4113-B348-ABC7F06FAB41}.AppStore|iPhone.ActiveCfg = Release|x86
		{AC410F78-93AE-4113-B348-ABC7F06FAB41}.AppStore|iPhone.Build.0 = Release|x86
		{AC410F78-93AE-4113-B348-ABC7F06FAB41}.AppStore|iPhone.Deploy.0 = Release|x86
		{AC410F78-93AE-4113-B348-ABC7F06FAB41}.AppStore|iPhoneSimulator.ActiveCfg = Release|x86
		{AC410F78-93AE-4113-B348-ABC7F06FAB41}.AppStore|iPhoneSimulator.Build.0 = Release|x86
		{AC410F78-93AE-4113-B348-ABC7F06FAB41}.AppStore|iPhoneSimulator.Deploy.0 = Release|x86
		{AC410F78-93AE-4113-B348-ABC7F06FAB41}.AppStore|x64.ActiveCfg = Release|x64
		{AC410F78-93AE-4113-B348-ABC7F06FAB41}.AppStore|x64.Build.0 = Release|x64
		{AC410F78-93AE-4113-B348-ABC7F06FAB41}.AppStore|x64.Deploy.0 = Release|x64
		{AC410F78-93AE-4113-B348-ABC7F06FAB41}.AppStore|x86.ActiveCfg = Release|x86
		{AC410F78-93AE-4113-B348-ABC7F06FAB41}.AppStore|x86.Build.0 = Release|x86
		{AC410F78-93AE-4113-B348-ABC7F06FAB41}.AppStore|x86.Deploy.0 = Release|x86
		{AC410F78-93AE-4113-B348-ABC7F06FAB41}.Debug|Any CPU.ActiveCfg = Debug|x86
		{AC410F78-93AE-4113-B348-ABC7F06FAB41}.Debug|Any CPU.Build.0 = Debug|x86
		{AC410F78-93AE-4113-B348-ABC7F06FAB41}.Debug|Any CPU.Deploy.0 = Debug|x86
		{AC410F78-93AE-4113-B348-ABC7F06FAB41}.Debug|ARM.ActiveCfg = Debug|ARM
		{AC410F78-93AE-4113-B348-ABC7F06FAB41}.Debug|ARM.Build.0 = Debug|ARM
		{AC410F78-93AE-4113-B348-ABC7F06FAB41}.Debug|ARM.Deploy.0 = Debug|ARM
		{AC410F78-93AE-4113-B348-ABC7F06FAB41}.Debug|iPhone.ActiveCfg = Debug|x86
		{AC410F78-93AE-4113-B348-ABC7F06FAB41}.Debug|iPhone.Build.0 = Debug|x86
		{AC410F78-93AE-4113-B348-ABC7F06FAB41}.Debug|iPhone.Deploy.0 = Debug|x86
		{AC410F78-93AE-4113-B348-ABC7F06FAB41}.Debug|iPhoneSimulator.ActiveCfg = Debug|x86
		{AC410F78-93AE-4113-B348-ABC7F06FAB41}.Debug|iPhoneSimulator.Build.0 = Debug|x86
		{AC410F78-93AE-4113-B348-ABC7F06FAB41}.Debug|iPhoneSimulator.Deploy.0 = Debug|x86
		{AC410F78-93AE-4113-B348-ABC7F06FAB41}.Debug|x64.ActiveCfg = Debug|x64
		{AC410F78-93AE-4113-B348-ABC7F06FAB41}.Debug|x64.Build.0 = Debug|x64
		{AC410F78-93AE-4113-B348-ABC7F06FAB41}.Debug|x64.Deploy.0 = Debug|x64
		{AC410F78-93AE-4113-B348-ABC7F06FAB41}.Debug|x86.ActiveCfg = Debug|x86
		{AC410F78-93AE-4113-B348-ABC7F06FAB41}.Debug|x86.Build.0 = Debug|x86
		{AC410F78-93AE-4113-B348-ABC7F06FAB41}.Debug|x86.Deploy.0 = Debug|x86
		{AC410F78-93AE-4113-B348-ABC7F06FAB41}.Release|Any CPU.ActiveCfg = Release|x86
		{AC410F78-93AE-4113-B348-ABC7F06FAB41}.Release|Any CPU.Build.0 = Release|x86
		{AC410F78-93AE-4113-B348-ABC7F06FAB41}.Release|Any CPU.Deploy.0 = Release|x86
		{AC410F78-93AE-4113-B348-ABC7F06FAB41}.Release|ARM.ActiveCfg = Release|ARM
		{AC410F78-93AE-4113-B348-ABC7F06FAB41}.Release|ARM.Build.0 = Release|ARM
		{AC410F78-93AE-4113-B348-ABC7F06FAB41}.Release|ARM.Deploy.0 = Release|ARM
		{AC410F78-93AE-4113-B348-ABC7F06FAB41}.Release|iPhone.ActiveCfg = Release|x86
		{AC410F78-93AE-4113-B348-ABC7F06FAB41}.Release|iPhone.Build.0 = Release|x86
		{AC410F78-93AE-4113-B348-ABC7F06FAB41}.Release|iPhone.Deploy.0 = Release|x86
		{AC410F78-93AE-4113-B348-ABC7F06FAB41}.Release|iPhoneSimulator.ActiveCfg = Release|x86
		{AC410F78-93AE-4113-B348-ABC7F06FAB41}.Release|iPhoneSimulator.Build.0 = Release|x86
		{AC410F78-93AE-4113-B348-ABC7F06FAB41}.Release|iPhoneSimulator.Deploy.0 = Release|x86
		{AC410F78-93AE-4113-B348-ABC7F06FAB41}.Release|x64.ActiveCfg = Release|x64
		{AC410F78-93AE-4113-B348-ABC7F06FAB41}.Release|x64.Build.0 = Release|x64
		{AC410F78-93AE-4113-B348-ABC7F06FAB41}.Release|x64.Deploy.0 = Release|x64
		{AC410F78-93AE-4113-B348-ABC7F06FAB41}.Release|x86.ActiveCfg = Release|x86
		{AC410F78-93AE-4113-B348-ABC7F06FAB41}.Release|x86.Build.0 = Release|x86
		{AC410F78-93AE-4113-B348-ABC7F06FAB41}.Release|x86.Deploy.0 = Release|x86
		{D92D117C-7E62-437F-B637-C9E6765ED426}.Ad-Hoc|Any CPU.ActiveCfg = Debug|Any CPU
		{D92D117C-7E62-437F-B637-C9E6765ED426}.Ad-Hoc|Any CPU.Build.0 = Debug|Any CPU
		{D92D117C-7E62-437F-B637-C9E6765ED426}.Ad-Hoc|Any CPU.Deploy.0 = Debug|Any CPU
		{D92D117C-7E62-437F-B637-C9E6765ED426}.Ad-Hoc|ARM.ActiveCfg = Debug|Any CPU
		{D92D117C-7E62-437F-B637-C9E6765ED426}.Ad-Hoc|ARM.Build.0 = Debug|Any CPU
		{D92D117C-7E62-437F-B637-C9E6765ED426}.Ad-Hoc|ARM.Deploy.0 = Debug|Any CPU
		{D92D117C-7E62-437F-B637-C9E6765ED426}.Ad-Hoc|iPhone.ActiveCfg = Debug|Any CPU
		{D92D117C-7E62-437F-B637-C9E6765ED426}.Ad-Hoc|iPhone.Build.0 = Debug|Any CPU
		{D92D117C-7E62-437F-B637-C9E6765ED426}.Ad-Hoc|iPhone.Deploy.0 = Debug|Any CPU
		{D92D117C-7E62-437F-B637-C9E6765ED426}.Ad-Hoc|iPhoneSimulator.ActiveCfg = Debug|Any CPU
		{D92D117C-7E62-437F-B637-C9E6765ED426}.Ad-Hoc|iPhoneSimulator.Build.0 = Debug|Any CPU
		{D92D117C-7E62-437F-B637-C9E6765ED426}.Ad-Hoc|iPhoneSimulator.Deploy.0 = Debug|Any CPU
		{D92D117C-7E62-437F-B637-C9E6765ED426}.Ad-Hoc|x64.ActiveCfg = Debug|Any CPU
		{D92D117C-7E62-437F-B637-C9E6765ED426}.Ad-Hoc|x64.Build.0 = Debug|Any CPU
		{D92D117C-7E62-437F-B637-C9E6765ED426}.Ad-Hoc|x64.Deploy.0 = Debug|Any CPU
		{D92D117C-7E62-437F-B637-C9E6765ED426}.Ad-Hoc|x86.ActiveCfg = Debug|Any CPU
		{D92D117C-7E62-437F-B637-C9E6765ED426}.Ad-Hoc|x86.Build.0 = Debug|Any CPU
		{D92D117C-7E62-437F-B637-C9E6765ED426}.Ad-Hoc|x86.Deploy.0 = Debug|Any CPU
		{D92D117C-7E62-437F-B637-C9E6765ED426}.AppStore|Any CPU.ActiveCfg = Debug|Any CPU
		{D92D117C-7E62-437F-B637-C9E6765ED426}.AppStore|Any CPU.Build.0 = Debug|Any CPU
		{D92D117C-7E62-437F-B637-C9E6765ED426}.AppStore|Any CPU.Deploy.0 = Debug|Any CPU
		{D92D117C-7E62-437F-B637-C9E6765ED426}.AppStore|ARM.ActiveCfg = Debug|Any CPU
		{D92D117C-7E62-437F-B637-C9E6765ED426}.AppStore|ARM.Build.0 = Debug|Any CPU
		{D92D117C-7E62-437F-B637-C9E6765ED426}.AppStore|ARM.Deploy.0 = Debug|Any CPU
		{D92D117C-7E62-437F-B637-C9E6765ED426}.AppStore|iPhone.ActiveCfg = Debug|Any CPU
		{D92D117C-7E62-437F-B637-C9E6765ED426}.AppStore|iPhone.Build.0 = Debug|Any CPU
		{D92D117C-7E62-437F-B637-C9E6765ED426}.AppStore|iPhone.Deploy.0 = Debug|Any CPU
		{D92D117C-7E62-437F-B637-C9E6765ED426}.AppStore|iPhoneSimulator.ActiveCfg = Debug|Any CPU
		{D92D117C-7E62-437F-B637-C9E6765ED426}.AppStore|iPhoneSimulator.Build.0 = Debug|Any CPU
		{D92D117C-7E62-437F-B637-C9E6765ED426}.AppStore|iPhoneSimulator.Deploy.0 = Debug|Any CPU
		{D92D117C-7E62-437F-B637-C9E6765ED426}.AppStore|x64.ActiveCfg = Debug|Any CPU
		{D92D117C-7E62-437F-B637-C9E6765ED426}.AppStore|x64.Build.0 = Debug|Any CPU
		{D92D117C-7E62-437F-B637-C9E6765ED426}.AppStore|x64.Deploy.0 = Debug|Any CPU
		{D92D117C-7E62-437F-B637-C9E6765ED426}.AppStore|x86.ActiveCfg = Debug|Any CPU
		{D92D117C-7E62-437F-B637-C9E6765ED426}.AppStore|x86.Build.0 = Debug|Any CPU
		{D92D117C-7E62-437F-B637-C9E6765ED426}.AppStore|x86.Deploy.0 = Debug|Any CPU
		{D92D117C-7E62-437F-B637-C9E6765ED426}.Debug|Any CPU.ActiveCfg = Debug|Any CPU
		{D92D117C-7E62-437F-B637-C9E6765ED426}.Debug|Any CPU.Build.0 = Debug|Any CPU
		{D92D117C-7E62-437F-B637-C9E6765ED426}.Debug|Any CPU.Deploy.0 = Debug|Any CPU
		{D92D117C-7E62-437F-B637-C9E6765ED426}.Debug|ARM.ActiveCfg = Debug|Any CPU
		{D92D117C-7E62-437F-B637-C9E6765ED426}.Debug|ARM.Build.0 = Debug|Any CPU
		{D92D117C-7E62-437F-B637-C9E6765ED426}.Debug|ARM.Deploy.0 = Debug|Any CPU
		{D92D117C-7E62-437F-B637-C9E6765ED426}.Debug|iPhone.ActiveCfg = Debug|Any CPU
		{D92D117C-7E62-437F-B637-C9E6765ED426}.Debug|iPhone.Build.0 = Debug|Any CPU
		{D92D117C-7E62-437F-B637-C9E6765ED426}.Debug|iPhone.Deploy.0 = Debug|Any CPU
		{D92D117C-7E62-437F-B637-C9E6765ED426}.Debug|iPhoneSimulator.ActiveCfg = Debug|Any CPU
		{D92D117C-7E62-437F-B637-C9E6765ED426}.Debug|iPhoneSimulator.Build.0 = Debug|Any CPU
		{D92D117C-7E62-437F-B637-C9E6765ED426}.Debug|iPhoneSimulator.Deploy.0 = Debug|Any CPU
		{D92D117C-7E62-437F-B637-C9E6765ED426}.Debug|x64.ActiveCfg = Debug|Any CPU
		{D92D117C-7E62-437F-B637-C9E6765ED426}.Debug|x64.Build.0 = Debug|Any CPU
		{D92D117C-7E62-437F-B637-C9E6765ED426}.Debug|x64.Deploy.0 = Debug|Any CPU
		{D92D117C-7E62-437F-B637-C9E6765ED426}.Debug|x86.ActiveCfg = Debug|Any CPU
		{D92D117C-7E62-437F-B637-C9E6765ED426}.Debug|x86.Build.0 = Debug|Any CPU
		{D92D117C-7E62-437F-B637-C9E6765ED426}.Debug|x86.Deploy.0 = Debug|Any CPU
		{D92D117C-7E62-437F-B637-C9E6765ED426}.Release|Any CPU.ActiveCfg = Release|Any CPU
		{D92D117C-7E62-437F-B637-C9E6765ED426}.Release|Any CPU.Build.0 = Release|Any CPU
		{D92D117C-7E62-437F-B637-C9E6765ED426}.Release|Any CPU.Deploy.0 = Release|Any CPU
		{D92D117C-7E62-437F-B637-C9E6765ED426}.Release|ARM.ActiveCfg = Release|Any CPU
		{D92D117C-7E62-437F-B637-C9E6765ED426}.Release|ARM.Build.0 = Release|Any CPU
		{D92D117C-7E62-437F-B637-C9E6765ED426}.Release|ARM.Deploy.0 = Release|Any CPU
		{D92D117C-7E62-437F-B637-C9E6765ED426}.Release|iPhone.ActiveCfg = Release|Any CPU
		{D92D117C-7E62-437F-B637-C9E6765ED426}.Release|iPhone.Build.0 = Release|Any CPU
		{D92D117C-7E62-437F-B637-C9E6765ED426}.Release|iPhone.Deploy.0 = Release|Any CPU
		{D92D117C-7E62-437F-B637-C9E6765ED426}.Release|iPhoneSimulator.ActiveCfg = Release|Any CPU
		{D92D117C-7E62-437F-B637-C9E6765ED426}.Release|iPhoneSimulator.Build.0 = Release|Any CPU
		{D92D117C-7E62-437F-B637-C9E6765ED426}.Release|iPhoneSimulator.Deploy.0 = Release|Any CPU
		{D92D117C-7E62-437F-B637-C9E6765ED426}.Release|x64.ActiveCfg = Release|Any CPU
		{D92D117C-7E62-437F-B637-C9E6765ED426}.Release|x64.Build.0 = Release|Any CPU
		{D92D117C-7E62-437F-B637-C9E6765ED426}.Release|x64.Deploy.0 = Release|Any CPU
		{D92D117C-7E62-437F-B637-C9E6765ED426}.Release|x86.ActiveCfg = Release|Any CPU
		{D92D117C-7E62-437F-B637-C9E6765ED426}.Release|x86.Build.0 = Release|Any CPU
		{D92D117C-7E62-437F-B637-C9E6765ED426}.Release|x86.Deploy.0 = Release|Any CPU
	EndGlobalSection
	GlobalSection(SolutionProperties) = preSolution
		HideSolutionNode = FALSE
	EndGlobalSection
	GlobalSection(ExtensibilityGlobals) = postSolution
		SolutionGuid = {8D878E6D-66F0-49D2-9582-7C39FB3B8362}
	EndGlobalSection
EndGlobal
